{
  "name": "sketch-text-symbol-picker",
  "version": "1.0.0",
  "lockfileVersion": 1,
  "requires": true,
  "dependencies": {
    "@esri/calcite-components": {
      "version": "1.0.0-beta.47",
      "resolved": "https://registry.npmjs.org/@esri/calcite-components/-/calcite-components-1.0.0-beta.47.tgz",
      "integrity": "sha512-aENEYTIHDYR9AbatrVWgu4ZAPpm78EpWvKjqK/VgPriSqNah09b2yUmUCFBmBLEHKRRjUZpex8wZ+bVL+pk6qQ==",
      "requires": {
        "@popperjs/core": "2.6.0",
        "@types/color": "3.0.1"
      }
    },
    "@popperjs/core": {
      "version": "2.6.0",
      "resolved": "https://registry.npmjs.org/@popperjs/core/-/core-2.6.0.tgz",
      "integrity": "sha512-cPqjjzuFWNK3BSKLm0abspP0sp/IGOli4p5I5fKFAzdS8fvjdOwDCfZqAaIiXd9lPkOWi3SUUfZof3hEb7J/uw=="
    },
    "@types/arcgis-js-api": {
      "version": "4.18.0",
      "resolved": "https://registry.npmjs.org/@types/arcgis-js-api/-/arcgis-js-api-4.18.0.tgz",
      "integrity": "sha512-cnC06M0QtE1m5fdhyCEPagi1FBHVIcLDGTy4GSUr4UfKvHHDRBGchcg/QkctOVVcGgv0WnUdfvV6fDxgC5P0vg=="
    },
    "@types/color": {
      "version": "3.0.1",
      "resolved": "https://registry.npmjs.org/@types/color/-/color-3.0.1.tgz",
      "integrity": "sha512-oeUWVaAwI+xINDUx+3F2vJkl/vVB03VChFF/Gl3iQCdbcakjuoJyMOba+3BXRtnBhxZ7uBYqQBi9EpLnvSoztA==",
      "requires": {
        "@types/color-convert": "*"
      }
    },
    "@types/color-convert": {
      "version": "2.0.0",
      "resolved": "https://registry.npmjs.org/@types/color-convert/-/color-convert-2.0.0.tgz",
      "integrity": "sha512-m7GG7IKKGuJUXvkZ1qqG3ChccdIM/qBBo913z+Xft0nKCX4hAU/IxKwZBU4cpRZ7GS5kV4vOblUkILtSShCPXQ==",
      "requires": {
        "@types/color-name": "*"
      }
    },
    "@types/color-name": {
      "version": "1.1.1",
      "resolved": "https://registry.npmjs.org/@types/color-name/-/color-name-1.1.1.tgz",
      "integrity": "sha512-rr+OQyAjxze7GgWrSaJwydHStIhHq2lvY3BOC2Mj7KnzI7XK0Uw1TOOdI9lDoajEbSWLiYgoo4f1R51erQfhPQ=="
    },
    "tslib": {
      "version": "2.0.3",
      "resolved": "https://registry.npmjs.org/tslib/-/tslib-2.0.3.tgz",
      "integrity": "sha512-uZtkfKblCEQtZKBF6EBXVZeQNl82yqtDQdv+eck8u7tdPxjLu2/lp5/uPW+um2tpuxINHWy3GhiccY7QgEaVHQ=="
    }
  }
}
